{
    "_readme": [
        "This file locks the dependencies of your project to a known state",
        "Read more about it at https://getcomposer.org/doc/01-basic-usage.md#composer-lock-the-lock-file",
        "This file is @generated automatically"
    ],
    "content-hash": "b5b178565b241cb85c65f2e23c843e21",
    "packages": [
        {
            "name": "filp/whoops",
            "version": "2.1.12",
            "source": {
                "type": "git",
                "url": "https://github.com/filp/whoops.git",
                "reference": "a99f0b151846021ba7a73b4e3cba3ebc9f14f03e"
            },
            "dist": {
                "type": "zip",
                "url": "https://api.github.com/repos/filp/whoops/zipball/a99f0b151846021ba7a73b4e3cba3ebc9f14f03e",
                "reference": "a99f0b151846021ba7a73b4e3cba3ebc9f14f03e",
                "shasum": ""
            },
            "require": {
                "php": "^5.5.9 || ^7.0",
                "psr/log": "^1.0.1"
            },
            "require-dev": {
                "mockery/mockery": "0.9.*",
                "phpunit/phpunit": "^4.8 || ^5.0",
                "symfony/var-dumper": "^2.6 || ^3.0"
            },
            "suggest": {
                "symfony/var-dumper": "Pretty print complex values better with var-dumper available",
                "whoops/soap": "Formats errors as SOAP responses"
            },
            "type": "library",
            "extra": {
                "branch-alias": {
                    "dev-master": "2.0-dev"
                }
            },
            "autoload": {
                "psr-4": {
                    "Whoops\\": "src/Whoops/"
                }
            },
            "notification-url": "https://packagist.org/downloads/",
            "license": [
                "MIT"
            ],
            "authors": [
                {
                    "name": "Filipe Dobreira",
                    "homepage": "https://github.com/filp",
                    "role": "Developer"
                }
            ],
            "description": "php error handling for cool kids",
            "homepage": "https://filp.github.io/whoops/",
            "keywords": [
                "error",
                "exception",
                "handling",
                "library",
                "throwable",
                "whoops"
            ],
            "time": "2017-10-15T13:05:10+00:00"
        },
        {
            "name": "guzzlehttp/guzzle",
            "version": "6.3.0",
            "source": {
                "type": "git",
                "url": "https://github.com/guzzle/guzzle.git",
                "reference": "f4db5a78a5ea468d4831de7f0bf9d9415e348699"
            },
            "dist": {
                "type": "zip",
                "url": "https://api.github.com/repos/guzzle/guzzle/zipball/f4db5a78a5ea468d4831de7f0bf9d9415e348699",
                "reference": "f4db5a78a5ea468d4831de7f0bf9d9415e348699",
                "shasum": ""
            },
            "require": {
                "guzzlehttp/promises": "^1.0",
                "guzzlehttp/psr7": "^1.4",
                "php": ">=5.5"
            },
            "require-dev": {
                "ext-curl": "*",
                "phpunit/phpunit": "^4.0 || ^5.0",
                "psr/log": "^1.0"
            },
            "suggest": {
                "psr/log": "Required for using the Log middleware"
            },
            "type": "library",
            "extra": {
                "branch-alias": {
                    "dev-master": "6.2-dev"
                }
            },
            "autoload": {
                "files": [
                    "src/functions_include.php"
                ],
                "psr-4": {
                    "GuzzleHttp\\": "src/"
                }
            },
            "notification-url": "https://packagist.org/downloads/",
            "license": [
                "MIT"
            ],
            "authors": [
                {
                    "name": "Michael Dowling",
                    "email": "mtdowling@gmail.com",
                    "homepage": "https://github.com/mtdowling"
                }
            ],
            "description": "Guzzle is a PHP HTTP client library",
            "homepage": "http://guzzlephp.org/",
            "keywords": [
                "client",
                "curl",
                "framework",
                "http",
                "http client",
                "rest",
                "web service"
            ],
            "time": "2017-06-22T18:50:49+00:00"
        },
        {
            "name": "guzzlehttp/promises",
            "version": "dev-master",
            "source": {
                "type": "git",
                "url": "https://github.com/guzzle/promises.git",
                "reference": "e9cdab6ff93ff789b5b599326c727f51d10893a6"
            },
            "dist": {
                "type": "zip",
                "url": "https://api.github.com/repos/guzzle/promises/zipball/e9cdab6ff93ff789b5b599326c727f51d10893a6",
                "reference": "e9cdab6ff93ff789b5b599326c727f51d10893a6",
                "shasum": ""
            },
            "require": {
                "php": ">=5.5.0"
            },
            "require-dev": {
                "phpunit/phpunit": "^4.8.36"
            },
            "type": "library",
            "extra": {
                "branch-alias": {
                    "dev-master": "1.4-dev"
                }
            },
            "autoload": {
                "psr-4": {
                    "GuzzleHttp\\Promise\\": "src/"
                },
                "files": [
                    "src/functions_include.php"
                ]
            },
            "notification-url": "https://packagist.org/downloads/",
            "license": [
                "MIT"
            ],
            "authors": [
                {
                    "name": "Michael Dowling",
                    "email": "mtdowling@gmail.com",
                    "homepage": "https://github.com/mtdowling"
                }
            ],
            "description": "Guzzle promises library",
            "keywords": [
                "promise"
            ],
            "time": "2017-10-06 12:25:00"
        },
        {
            "name": "guzzlehttp/psr7",
            "version": "dev-master",
            "source": {
                "type": "git",
                "url": "https://github.com/guzzle/psr7.git",
                "reference": "d2537c86fa8b004c29e9b9f5e10028f0a29df101"
            },
            "dist": {
                "type": "zip",
                "url": "https://api.github.com/repos/guzzle/psr7/zipball/d2537c86fa8b004c29e9b9f5e10028f0a29df101",
                "reference": "d2537c86fa8b004c29e9b9f5e10028f0a29df101",
                "shasum": ""
            },
            "require": {
                "php": ">=5.4.0",
                "psr/http-message": "~1.0"
            },
            "provide": {
                "psr/http-message-implementation": "1.0"
            },
            "require-dev": {
                "phpunit/phpunit": "~4.0"
            },
            "type": "library",
            "extra": {
                "branch-alias": {
                    "dev-master": "1.4-dev"
                }
            },
            "autoload": {
                "psr-4": {
                    "GuzzleHttp\\Psr7\\": "src/"
                },
                "files": [
                    "src/functions_include.php"
                ]
            },
            "notification-url": "https://packagist.org/downloads/",
            "license": [
                "MIT"
            ],
            "authors": [
                {
                    "name": "Michael Dowling",
                    "email": "mtdowling@gmail.com",
                    "homepage": "https://github.com/mtdowling"
                },
                {
                    "name": "Tobias Schultze",
                    "homepage": "https://github.com/Tobion"
                }
            ],
            "description": "PSR-7 message implementation that also provides common utility methods",
            "keywords": [
                "http",
                "message",
                "request",
                "response",
                "stream",
                "uri",
                "url"
            ],
            "time": "2017-10-07 03:19:56"
        },
        {
            "name": "nesbot/carbon",
            "version": "1.22.1",
            "source": {
                "type": "git",
                "url": "https://github.com/briannesbitt/Carbon.git",
                "reference": "7cdf42c0b1cc763ab7e4c33c47a24e27c66bfccc"
            },
            "dist": {
                "type": "zip",
                "url": "https://api.github.com/repos/briannesbitt/Carbon/zipball/7cdf42c0b1cc763ab7e4c33c47a24e27c66bfccc",
                "reference": "7cdf42c0b1cc763ab7e4c33c47a24e27c66bfccc",
                "shasum": ""
            },
            "require": {
                "php": ">=5.3.0",
                "symfony/translation": "~2.6 || ~3.0"
            },
            "require-dev": {
                "friendsofphp/php-cs-fixer": "~2",
                "phpunit/phpunit": "~4.0 || ~5.0"
            },
            "type": "library",
            "extra": {
                "branch-alias": {
                    "dev-master": "1.23-dev"
                }
            },
            "autoload": {
                "psr-4": {
                    "Carbon\\": "src/Carbon/"
                }
            },
            "notification-url": "https://packagist.org/downloads/",
            "license": [
                "MIT"
            ],
            "authors": [
                {
                    "name": "Brian Nesbitt",
                    "email": "brian@nesbot.com",
                    "homepage": "http://nesbot.com"
                }
            ],
            "description": "A simple API extension for DateTime.",
            "homepage": "http://carbon.nesbot.com",
            "keywords": [
                "date",
                "datetime",
                "time"
            ],
            "time": "2017-01-16T07:55:07+00:00"
        },
        {
            "name": "phpmailer/phpmailer",
            "version": "v6.0.1",
            "source": {
                "type": "git",
                "url": "https://github.com/PHPMailer/PHPMailer.git",
                "reference": "992392437c2e2784e0dc41446024fe411d293c96"
            },
            "dist": {
                "type": "zip",
                "url": "https://api.github.com/repos/PHPMailer/PHPMailer/zipball/992392437c2e2784e0dc41446024fe411d293c96",
                "reference": "992392437c2e2784e0dc41446024fe411d293c96",
                "shasum": ""
            },
            "require": {
                "ext-ctype": "*",
                "php": ">=5.5.0"
            },
            "require-dev": {
                "doctrine/annotations": "1.2.*",
                "friendsofphp/php-cs-fixer": "^2.2",
                "phpdocumentor/phpdocumentor": "2.*",
                "phpunit/phpunit": "^4.8 || ^5.7",
                "zendframework/zend-eventmanager": "3.0.*",
                "zendframework/zend-i18n": "2.7.3",
                "zendframework/zend-serializer": "2.7.*"
            },
            "suggest": {
                "ext-mbstring": "Needed to send email in multibyte encoding charset",
                "hayageek/oauth2-yahoo": "Needed for Yahoo XOAUTH2 authentication",
                "league/oauth2-google": "Needed for Google XOAUTH2 authentication",
                "psr/log": "For optional PSR-3 debug logging",
                "stevenmaguire/oauth2-microsoft": "Needed for Microsoft XOAUTH2 authentication",
                "symfony/polyfill-mbstring": "To support UTF-8 if the Mbstring PHP extension is not enabled (^1.2)"
            },
            "type": "library",
            "autoload": {
                "psr-4": {
                    "PHPMailer\\PHPMailer\\": "src/"
                }
            },
            "notification-url": "https://packagist.org/downloads/",
            "license": [
                "LGPL-2.1"
            ],
            "authors": [
                {
                    "name": "Jim Jagielski",
                    "email": "jimjag@gmail.com"
                },
                {
                    "name": "Marcus Bointon",
                    "email": "phpmailer@synchromedia.co.uk"
                },
                {
                    "name": "Andy Prevost",
                    "email": "codeworxtech@users.sourceforge.net"
                },
                {
                    "name": "Brent R. Matzelle"
                }
            ],
            "description": "PHPMailer is a full-featured email creation and transfer class for PHP",
            "time": "2017-09-14T16:47:12+00:00"
        },
        {
            "name": "phroute/phroute",
            "version": "v2.1.0",
            "source": {
                "type": "git",
                "url": "https://github.com/mrjgreen/phroute.git",
                "reference": "dbe2b986f9ee1dd33dc956fcc35d1fa22e8e196c"
            },
            "dist": {
                "type": "zip",
                "url": "https://api.github.com/repos/mrjgreen/phroute/zipball/dbe2b986f9ee1dd33dc956fcc35d1fa22e8e196c",
                "reference": "dbe2b986f9ee1dd33dc956fcc35d1fa22e8e196c",
                "shasum": ""
            },
            "require": {
                "php": ">=5.4.0"
            },
            "require-dev": {
                "phpunit/phpunit": "*",
                "satooshi/php-coveralls": "dev-master"
            },
            "type": "library",
            "autoload": {
                "psr-4": {
                    "Phroute\\Phroute\\": "src/Phroute"
                }
            },
            "notification-url": "https://packagist.org/downloads/",
            "license": [
                "BSD-3-Clause"
            ],
            "authors": [
                {
                    "name": "Joe Green",
                    "email": "joe.green.0991@gmail.com"
                }
            ],
            "description": "Fast, fully featured restful request router for PHP",
            "keywords": [
                "router",
                "routing"
            ],
            "time": "2015-07-22T20:46:43+00:00"
        },
        {
            "name": "psr/http-message",
            "version": "dev-master",
            "source": {
                "type": "git",
                "url": "https://github.com/php-fig/http-message.git",
                "reference": "f6561bf28d520154e4b0ec72be95418abe6d9363"
            },
            "dist": {
                "type": "zip",
                "url": "https://api.github.com/repos/php-fig/http-message/zipball/f6561bf28d520154e4b0ec72be95418abe6d9363",
                "reference": "f6561bf28d520154e4b0ec72be95418abe6d9363",
                "shasum": ""
            },
            "require": {
                "php": ">=5.3.0"
            },
            "type": "library",
            "extra": {
                "branch-alias": {
                    "dev-master": "1.0.x-dev"
                }
            },
            "autoload": {
                "psr-4": {
                    "Psr\\Http\\Message\\": "src/"
                }
            },
            "notification-url": "https://packagist.org/downloads/",
            "license": [
                "MIT"
            ],
            "authors": [
                {
                    "name": "PHP-FIG",
                    "homepage": "http://www.php-fig.org/"
                }
            ],
            "description": "Common interface for HTTP messages",
            "homepage": "https://github.com/php-fig/http-message",
            "keywords": [
                "http",
                "http-message",
                "psr",
                "psr-7",
                "request",
                "response"
            ],
            "time": "2016-08-06 14:39:51"
        },
        {
            "name": "psr/log",
            "version": "dev-master",
            "source": {
                "type": "git",
                "url": "https://github.com/php-fig/log.git",
                "reference": "4ebe3a8bf773a19edfe0a84b6585ba3d401b724d"
            },
            "dist": {
                "type": "zip",
                "url": "https://api.github.com/repos/php-fig/log/zipball/4ebe3a8bf773a19edfe0a84b6585ba3d401b724d",
                "reference": "4ebe3a8bf773a19edfe0a84b6585ba3d401b724d",
                "shasum": ""
            },
            "require": {
                "php": ">=5.3.0"
            },
            "type": "library",
            "extra": {
                "branch-alias": {
                    "dev-master": "1.0.x-dev"
                }
            },
            "autoload": {
                "psr-4": {
                    "Psr\\Log\\": "Psr/Log/"
                }
            },
            "notification-url": "https://packagist.org/downloads/",
            "license": [
                "MIT"
            ],
            "authors": [
                {
                    "name": "PHP-FIG",
                    "homepage": "http://www.php-fig.org/"
                }
            ],
            "description": "Common interface for logging libraries",
            "homepage": "https://github.com/php-fig/log",
            "keywords": [
                "log",
                "psr",
                "psr-3"
            ],
            "time": "2016-10-10 12:19:37"
        },
        {
            "name": "rakit/validation",
            "version": "v0.13.1",
            "source": {
                "type": "git",
                "url": "https://github.com/rakit/validation.git",
                "reference": "218c8047f299a3d8f6458a10bce7df3532597be4"
            },
            "dist": {
                "type": "zip",
                "url": "https://api.github.com/repos/rakit/validation/zipball/218c8047f299a3d8f6458a10bce7df3532597be4",
                "reference": "218c8047f299a3d8f6458a10bce7df3532597be4",
                "shasum": ""
            },
            "require": {
                "php": ">=5.5.0"
            },
            "require-dev": {
                "phpunit/phpunit": "4.*"
            },
            "type": "library",
            "autoload": {
                "psr-4": {
                    "Rakit\\Validation\\": "src"
                }
            },
            "notification-url": "https://packagist.org/downloads/",
            "license": [
                "MIT"
            ],
            "authors": [
                {
                    "name": "Muhammad Syifa",
                    "email": "emsifa@gmail.com"
                }
            ],
            "description": "PHP Laravel like standalone validation library",
            "time": "2017-10-18T12:57:53+00:00"
        },
        {
            "name": "symfony/polyfill-mbstring",
            "version": "v1.6.0",
            "source": {
                "type": "git",
                "url": "https://github.com/symfony/polyfill-mbstring.git",
                "reference": "2ec8b39c38cb16674bbf3fea2b6ce5bf117e1296"
            },
            "dist": {
                "type": "zip",
                "url": "https://api.github.com/repos/symfony/polyfill-mbstring/zipball/2ec8b39c38cb16674bbf3fea2b6ce5bf117e1296",
                "reference": "2ec8b39c38cb16674bbf3fea2b6ce5bf117e1296",
                "shasum": ""
            },
            "require": {
                "php": ">=5.3.3"
            },
            "suggest": {
                "ext-mbstring": "For best performance"
            },
            "type": "library",
            "extra": {
                "branch-alias": {
                    "dev-master": "1.6-dev"
                }
            },
            "autoload": {
                "psr-4": {
                    "Symfony\\Polyfill\\Mbstring\\": ""
                },
                "files": [
                    "bootstrap.php"
                ]
            },
            "notification-url": "https://packagist.org/downloads/",
            "license": [
                "MIT"
            ],
            "authors": [
                {
                    "name": "Nicolas Grekas",
                    "email": "p@tchwork.com"
                },
                {
                    "name": "Symfony Community",
                    "homepage": "https://symfony.com/contributors"
                }
            ],
            "description": "Symfony polyfill for the Mbstring extension",
            "homepage": "https://symfony.com",
            "keywords": [
                "compatibility",
                "mbstring",
                "polyfill",
                "portable",
                "shim"
            ],
            "time": "2017-10-11T12:05:26+00:00"
        },
        {
            "name": "symfony/translation",
            "version": "v3.3.10",
            "source": {
                "type": "git",
                "url": "https://github.com/symfony/translation.git",
                "reference": "409bf229cd552bf7e3faa8ab7e3980b07672073f"
            },
            "dist": {
                "type": "zip",
                "url": "https://api.github.com/repos/symfony/translation/zipball/409bf229cd552bf7e3faa8ab7e3980b07672073f",
                "reference": "409bf229cd552bf7e3faa8ab7e3980b07672073f",
                "shasum": ""
            },
            "require": {
                "php": "^5.5.9|>=7.0.8",
                "symfony/polyfill-mbstring": "~1.0"
            },
            "conflict": {
                "symfony/config": "<2.8",
                "symfony/yaml": "<3.3"
            },
            "require-dev": {
                "psr/log": "~1.0",
                "symfony/config": "~2.8|~3.0",
                "symfony/intl": "^2.8.18|^3.2.5",
                "symfony/yaml": "~3.3"
            },
            "suggest": {
                "psr/log": "To use logging capability in translator",
                "symfony/config": "",
                "symfony/yaml": ""
            },
            "type": "library",
            "extra": {
                "branch-alias": {
                    "dev-master": "3.3-dev"
                }
            },
            "autoload": {
                "psr-4": {
                    "Symfony\\Component\\Translation\\": ""
                },
                "exclude-from-classmap": [
                    "/Tests/"
                ]
            },
            "notification-url": "https://packagist.org/downloads/",
            "license": [
                "MIT"
            ],
            "authors": [
                {
                    "name": "Fabien Potencier",
                    "email": "fabien@symfony.com"
                },
                {
                    "name": "Symfony Community",
                    "homepage": "https://symfony.com/contributors"
                }
            ],
            "description": "Symfony Translation Component",
            "homepage": "https://symfony.com",
            "time": "2017-10-02T06:42:24+00:00"
        },
        {
            "name": "twig/twig",
            "version": "2.x-dev",
            "source": {
                "type": "git",
                "url": "https://github.com/twigphp/Twig.git",
                "reference": "31b577863b5ae8d19e2cefd174e95a433f16491f"
            },
            "dist": {
                "type": "zip",
                "url": "https://api.github.com/repos/twigphp/Twig/zipball/31b577863b5ae8d19e2cefd174e95a433f16491f",
                "reference": "31b577863b5ae8d19e2cefd174e95a433f16491f",
                "shasum": ""
            },
            "require": {
                "php": "^7.0",
                "symfony/polyfill-mbstring": "~1.0"
            },
            "require-dev": {
                "psr/container": "^1.0",
                "symfony/debug": "~2.7",
                "symfony/phpunit-bridge": "~3.3@dev"
            },
            "type": "library",
            "extra": {
                "branch-alias": {
                    "dev-master": "2.4-dev"
                }
            },
            "autoload": {
                "psr-0": {
                    "Twig_": "lib/"
                },
                "psr-4": {
                    "Twig\\": "src/"
                }
            },
            "notification-url": "https://packagist.org/downloads/",
            "license": [
                "BSD-3-Clause"
            ],
            "authors": [
                {
                    "name": "Fabien Potencier",
                    "email": "fabien@symfony.com",
                    "homepage": "http://fabien.potencier.org",
                    "role": "Lead Developer"
                },
                {
                    "name": "Armin Ronacher",
                    "email": "armin.ronacher@active-4.com",
                    "role": "Project Founder"
                },
                {
                    "name": "Twig Team",
                    "homepage": "http://twig.sensiolabs.org/contributors",
                    "role": "Contributors"
                }
            ],
            "description": "Twig, the flexible, fast, and secure template language for PHP",
            "homepage": "http://twig.sensiolabs.org",
            "keywords": [
                "templating"
            ],
            "time": "2017-11-07 21:51:24"
        },
        {
            "name": "usmanhalalit/pixie",
            "version": "2.x-dev",
            "source": {
                "type": "git",
                "url": "https://github.com/usmanhalalit/pixie.git",
                "reference": "648090e2d967a4a4de6c78bc465790217785facb"
            },
            "dist": {
                "type": "zip",
                "url": "https://api.github.com/repos/usmanhalalit/pixie/zipball/648090e2d967a4a4de6c78bc465790217785facb",
                "reference": "648090e2d967a4a4de6c78bc465790217785facb",
                "shasum": ""
            },
            "require": {
                "php": ">=5.4.0",
                "usmanhalalit/viocon": "1.0.*@dev"
            },
            "require-dev": {
                "mockery/mockery": "0.9.4",
                "phpunit/phpunit": "^4.8"
            },
            "type": "library",
            "autoload": {
                "psr-0": {
                    "Pixie": "src/"
                }
            },
            "notification-url": "https://packagist.org/downloads/",
            "license": [
                "MIT"
            ],
            "authors": [
                {
                    "name": "Muhammad Usman",
                    "email": "hi@usman.it",
                    "role": "Developer"
                },
                {
                    "name": "Pavel Puchkin",
                    "email": "i@neoascetic.me",
                    "role": "Developer"
                }
            ],
            "description": "A lightweight, expressive, framework agnostic query builder for PHP.",
            "homepage": "https://github.com/usmanhalalit/pixie",
            "keywords": [
                "database",
                "mysql",
                "postgresql",
                "query builder",
                "sql",
                "sqlite"
            ],
            "time": "2017-10-17 07:17:04"
        },
        {
            "name": "usmanhalalit/viocon",
            "version": "1.0.1",
            "source": {
                "type": "git",
                "url": "https://github.com/usmanhalalit/viocon.git",
                "reference": "0878afee16f15355971fb95bf3c6d297aceff35d"
            },
            "dist": {
                "type": "zip",
                "url": "https://api.github.com/repos/usmanhalalit/viocon/zipball/0878afee16f15355971fb95bf3c6d297aceff35d",
                "reference": "0878afee16f15355971fb95bf3c6d297aceff35d",
                "shasum": ""
            },
            "require": {
                "php": ">=5.3.0"
            },
            "require-dev": {
                "phpunit/phpunit": "3.7.*"
            },
            "type": "library",
            "autoload": {
                "psr-0": {
                    "Viocon": "src/"
                }
            },
            "notification-url": "https://packagist.org/downloads/",
            "license": [
                "MIT"
            ],
            "authors": [
                {
                    "name": "Muhammad Usman",
                    "email": "hi@usman.it",
                    "role": "Developer"
                }
            ],
            "description": "A simple and flexible Dependency Injection container for PHP.",
            "homepage": "https://github.com/usmanhalalit/viocon",
            "keywords": [
                "container",
                "di",
                "ioc",
                "test"
            ],
            "time": "2013-07-13T19:54:56+00:00"
        }
    ],
    "packages-dev": [],
    "aliases": [],
    "minimum-stability": "dev",
    "stability-flags": {
        "usmanhalalit/pixie": 20,
        "guzzlehttp/guzzle": 20,
        "filp/whoops": 20
    },
    "prefer-stable": false,
    "prefer-lowest": false,
    "platform": [],
    "platform-dev": []
}
